// !$*UTF8*$!
{
	archiveVersion = 1;
	classes = {
	};
	objectVersion = 46;
	objects = {

/* Begin PBXBuildFile section */
		4834A7A31B9439B900DFB005 /* main.m in Sources */ = {isa = PBXBuildFile; fileRef = 4834A7A21B9439B900DFB005 /* main.m */; };
		4834A7A61B9439B900DFB005 /* AppDelegate.m in Sources */ = {isa = PBXBuildFile; fileRef = 4834A7A51B9439B900DFB005 /* AppDelegate.m */; };
		4834A7A91B9439B900DFB005 /* ViewController.m in Sources */ = {isa = PBXBuildFile; fileRef = 4834A7A81B9439B900DFB005 /* ViewController.m */; };
		4834A7AC1B9439B900DFB005 /* Main.storyboard in Resources */ = {isa = PBXBuildFile; fileRef = 4834A7AA1B9439B900DFB005 /* Main.storyboard */; };
		4834A7AE1B9439B900DFB005 /* Images.xcassets in Resources */ = {isa = PBXBuildFile; fileRef = 4834A7AD1B9439B900DFB005 /* Images.xcassets */; };
		4834A7B11B9439B900DFB005 /* LaunchScreen.xib in Resources */ = {isa = PBXBuildFile; fileRef = 4834A7AF1B9439B900DFB005 /* LaunchScreen.xib */; };
		4834A7BD1B9439B900DFB005 /* saml_ios_appTests.m in Sources */ = {isa = PBXBuildFile; fileRef = 4834A7BC1B9439B900DFB005 /* saml_ios_appTests.m */; };
		4834A7CF1B9455CC00DFB005 /* FHSAMLViewController.m in Sources */ = {isa = PBXBuildFile; fileRef = 4834A7CE1B9455CC00DFB005 /* FHSAMLViewController.m */; };
		4834A7D21B94700600DFB005 /* fhconfig.plist in Resources */ = {isa = PBXBuildFile; fileRef = 4834A7D11B94700600DFB005 /* fhconfig.plist */; };
		48A3E6BE1B97057F00BDA6C9 /* LoggedInViewController.m in Sources */ = {isa = PBXBuildFile; fileRef = 48A3E6BD1B97057F00BDA6C9 /* LoggedInViewController.m */; };
		48B97EAB1BB3DC4900AF26FC /* libxml2.dylib in Frameworks */ = {isa = PBXBuildFile; fileRef = 48B97EAA1BB3DC4900AF26FC /* libxml2.dylib */; };
		48B97EAD1BB3DC5900AF26FC /* libz.dylib in Frameworks */ = {isa = PBXBuildFile; fileRef = 48B97EAC1BB3DC5900AF26FC /* libz.dylib */; };
/* End PBXBuildFile section */

/* Begin PBXContainerItemProxy section */
		4834A7B71B9439B900DFB005 /* PBXContainerItemProxy */ = {
			isa = PBXContainerItemProxy;
			containerPortal = 4834A7951B9439B900DFB005 /* Project object */;
			proxyType = 1;
			remoteGlobalIDString = 4834A79C1B9439B900DFB005;
			remoteInfo = "saml-ios-app";
		};
/* End PBXContainerItemProxy section */

/* Begin PBXFileReference section */
		0BCA4F51E406BDB7F194F43A /* Pods.debug.xcconfig */ = {isa = PBXFileReference; includeInIndex = 1; lastKnownFileType = text.xcconfig; name = Pods.debug.xcconfig; path = "Pods/Target Support Files/Pods/Pods.debug.xcconfig"; sourceTree = "<group>"; };
		4834A79D1B9439B900DFB005 /* saml-ios-app.app */ = {isa = PBXFileReference; explicitFileType = wrapper.application; includeInIndex = 0; path = "saml-ios-app.app"; sourceTree = BUILT_PRODUCTS_DIR; };
		4834A7A11B9439B900DFB005 /* saml-ios-app-Info.plist */ = {isa = PBXFileReference; lastKnownFileType = text.plist.xml; path = "saml-ios-app-Info.plist"; sourceTree = "<group>"; };
		4834A7A21B9439B900DFB005 /* main.m */ = {isa = PBXFileReference; lastKnownFileType = sourcecode.c.objc; path = main.m; sourceTree = "<group>"; };
		4834A7A41B9439B900DFB005 /* AppDelegate.h */ = {isa = PBXFileReference; lastKnownFileType = sourcecode.c.h; path = AppDelegate.h; sourceTree = "<group>"; };
		4834A7A51B9439B900DFB005 /* AppDelegate.m */ = {isa = PBXFileReference; lastKnownFileType = sourcecode.c.objc; path = AppDelegate.m; sourceTree = "<group>"; };
		4834A7A71B9439B900DFB005 /* ViewController.h */ = {isa = PBXFileReference; lastKnownFileType = sourcecode.c.h; path = ViewController.h; sourceTree = "<group>"; };
		4834A7A81B9439B900DFB005 /* ViewController.m */ = {isa = PBXFileReference; lastKnownFileType = sourcecode.c.objc; path = ViewController.m; sourceTree = "<group>"; };
		4834A7AB1B9439B900DFB005 /* Base */ = {isa = PBXFileReference; lastKnownFileType = file.storyboard; name = Base; path = Base.lproj/Main.storyboard; sourceTree = "<group>"; };
		4834A7AD1B9439B900DFB005 /* Images.xcassets */ = {isa = PBXFileReference; lastKnownFileType = folder.assetcatalog; path = Images.xcassets; sourceTree = "<group>"; };
		4834A7B01B9439B900DFB005 /* Base */ = {isa = PBXFileReference; lastKnownFileType = file.xib; name = Base; path = Base.lproj/LaunchScreen.xib; sourceTree = "<group>"; };
		4834A7B61B9439B900DFB005 /* saml-ios-appTests.xctest */ = {isa = PBXFileReference; explicitFileType = wrapper.cfbundle; includeInIndex = 0; path = "saml-ios-appTests.xctest"; sourceTree = BUILT_PRODUCTS_DIR; };
		4834A7BB1B9439B900DFB005 /* Info.plist */ = {isa = PBXFileReference; lastKnownFileType = text.plist.xml; path = Info.plist; sourceTree = "<group>"; };
		4834A7BC1B9439B900DFB005 /* saml_ios_appTests.m */ = {isa = PBXFileReference; lastKnownFileType = sourcecode.c.objc; path = saml_ios_appTests.m; sourceTree = "<group>"; };
		4834A7CD1B9455CC00DFB005 /* FHSAMLViewController.h */ = {isa = PBXFileReference; fileEncoding = 4; lastKnownFileType = sourcecode.c.h; name = FHSAMLViewController.h; path = OAuth/FHSAMLViewController.h; sourceTree = "<group>"; };
		4834A7CE1B9455CC00DFB005 /* FHSAMLViewController.m */ = {isa = PBXFileReference; fileEncoding = 4; lastKnownFileType = sourcecode.c.objc; name = FHSAMLViewController.m; path = OAuth/FHSAMLViewController.m; sourceTree = "<group>"; };
		4834A7D11B94700600DFB005 /* fhconfig.plist */ = {isa = PBXFileReference; fileEncoding = 4; lastKnownFileType = text.plist.xml; path = fhconfig.plist; sourceTree = "<group>"; };
		48A3E6BC1B97057F00BDA6C9 /* LoggedInViewController.h */ = {isa = PBXFileReference; fileEncoding = 4; lastKnownFileType = sourcecode.c.h; path = LoggedInViewController.h; sourceTree = "<group>"; };
		48A3E6BD1B97057F00BDA6C9 /* LoggedInViewController.m */ = {isa = PBXFileReference; fileEncoding = 4; lastKnownFileType = sourcecode.c.objc; path = LoggedInViewController.m; sourceTree = "<group>"; };
		48B97EAA1BB3DC4900AF26FC /* libxml2.dylib */ = {isa = PBXFileReference; lastKnownFileType = "compiled.mach-o.dylib"; name = libxml2.dylib; path = usr/lib/libxml2.dylib; sourceTree = SDKROOT; };
		48B97EAC1BB3DC5900AF26FC /* libz.dylib */ = {isa = PBXFileReference; lastKnownFileType = "compiled.mach-o.dylib"; name = libz.dylib; path = usr/lib/libz.dylib; sourceTree = SDKROOT; };
		5CE437D4FC1404736A4C3313 /* Pods.release.xcconfig */ = {isa = PBXFileReference; includeInIndex = 1; lastKnownFileType = text.xcconfig; name = Pods.release.xcconfig; path = "Pods/Target Support Files/Pods/Pods.release.xcconfig"; sourceTree = "<group>"; };
/* End PBXFileReference section */

/* Begin PBXFrameworksBuildPhase section */
		4834A79A1B9439B900DFB005 /* Frameworks */ = {
			isa = PBXFrameworksBuildPhase;
			buildActionMask = 2147483647;
			files = (
				48B97EAD1BB3DC5900AF26FC /* libz.dylib in Frameworks */,
				48B97EAB1BB3DC4900AF26FC /* libxml2.dylib in Frameworks */,
			);
			runOnlyForDeploymentPostprocessing = 0;
		};
		4834A7B31B9439B900DFB005 /* Frameworks */ = {
			isa = PBXFrameworksBuildPhase;
			buildActionMask = 2147483647;
			files = (
			);
			runOnlyForDeploymentPostprocessing = 0;
		};
/* End PBXFrameworksBuildPhase section */

/* Begin PBXGroup section */
		4834A7941B9439B900DFB005 = {
			isa = PBXGroup;
			children = (
				4834A7D11B94700600DFB005 /* fhconfig.plist */,
				4834A79F1B9439B900DFB005 /* saml-ios-app */,
				4834A7B91B9439B900DFB005 /* saml-ios-appTests */,
				4834A79E1B9439B900DFB005 /* Products */,
				6010CA4C9C6F734A0F91A38A /* Frameworks */,
				F4A2E17AB993B5A9559A8238 /* Pods */,
			);
			sourceTree = "<group>";
		};
		4834A79E1B9439B900DFB005 /* Products */ = {
			isa = PBXGroup;
			children = (
				4834A79D1B9439B900DFB005 /* saml-ios-app.app */,
				4834A7B61B9439B900DFB005 /* saml-ios-appTests.xctest */,
			);
			name = Products;
			sourceTree = "<group>";
		};
		4834A79F1B9439B900DFB005 /* saml-ios-app */ = {
			isa = PBXGroup;
			children = (
				4834A7CC1B9455B700DFB005 /* OAuth */,
				4834A7A41B9439B900DFB005 /* AppDelegate.h */,
				4834A7A51B9439B900DFB005 /* AppDelegate.m */,
				4834A7A71B9439B900DFB005 /* ViewController.h */,
				4834A7A81B9439B900DFB005 /* ViewController.m */,
				48A3E6BC1B97057F00BDA6C9 /* LoggedInViewController.h */,
				48A3E6BD1B97057F00BDA6C9 /* LoggedInViewController.m */,
				4834A7AA1B9439B900DFB005 /* Main.storyboard */,
				4834A7AD1B9439B900DFB005 /* Images.xcassets */,
				4834A7AF1B9439B900DFB005 /* LaunchScreen.xib */,
				4834A7A01B9439B900DFB005 /* Supporting Files */,
			);
			path = "saml-ios-app";
			sourceTree = "<group>";
		};
		4834A7A01B9439B900DFB005 /* Supporting Files */ = {
			isa = PBXGroup;
			children = (
				4834A7A11B9439B900DFB005 /* saml-ios-app-Info.plist */,
				4834A7A21B9439B900DFB005 /* main.m */,
			);
			name = "Supporting Files";
			sourceTree = "<group>";
		};
		4834A7B91B9439B900DFB005 /* saml-ios-appTests */ = {
			isa = PBXGroup;
			children = (
				4834A7BC1B9439B900DFB005 /* saml_ios_appTests.m */,
				4834A7BA1B9439B900DFB005 /* Supporting Files */,
			);
			path = "saml-ios-appTests";
			sourceTree = "<group>";
		};
		4834A7BA1B9439B900DFB005 /* Supporting Files */ = {
			isa = PBXGroup;
			children = (
				4834A7BB1B9439B900DFB005 /* Info.plist */,
			);
			name = "Supporting Files";
			sourceTree = "<group>";
		};
		4834A7CC1B9455B700DFB005 /* OAuth */ = {
			isa = PBXGroup;
			children = (
				4834A7CD1B9455CC00DFB005 /* FHSAMLViewController.h */,
				4834A7CE1B9455CC00DFB005 /* FHSAMLViewController.m */,
			);
			name = OAuth;
			sourceTree = "<group>";
		};
		6010CA4C9C6F734A0F91A38A /* Frameworks */ = {
			isa = PBXGroup;
			children = (
				48B97EAA1BB3DC4900AF26FC /* libxml2.dylib */,
				48B97EAC1BB3DC5900AF26FC /* libz.dylib */,
			);
			name = Frameworks;
			sourceTree = "<group>";
		};
		F4A2E17AB993B5A9559A8238 /* Pods */ = {
			isa = PBXGroup;
			children = (
				0BCA4F51E406BDB7F194F43A /* Pods.debug.xcconfig */,
				5CE437D4FC1404736A4C3313 /* Pods.release.xcconfig */,
			);
			name = Pods;
			sourceTree = "<group>";
		};
/* End PBXGroup section */

/* Begin PBXNativeTarget section */
		4834A79C1B9439B900DFB005 /* saml-ios-app */ = {
			isa = PBXNativeTarget;
			buildConfigurationList = 4834A7C01B9439B900DFB005 /* Build configuration list for PBXNativeTarget "saml-ios-app" */;
			buildPhases = (
				6A3FB5001EA6AE05209DC928 /* Check Pods Manifest.lock */,
				4834A7991B9439B900DFB005 /* Sources */,
				4834A79A1B9439B900DFB005 /* Frameworks */,
				4834A79B1B9439B900DFB005 /* Resources */,
				D4A35F6A9EA38B7E572E4366 /* Embed Pods Frameworks */,
				4ECC39C4F626106F590D605A /* Copy Pods Resources */,
			);
			buildRules = (
			);
			dependencies = (
			);
			name = "saml-ios-app";
			productName = "saml-ios-app";
			productReference = 4834A79D1B9439B900DFB005 /* saml-ios-app.app */;
			productType = "com.apple.product-type.application";
		};
		4834A7B51B9439B900DFB005 /* saml-ios-appTests */ = {
			isa = PBXNativeTarget;
			buildConfigurationList = 4834A7C31B9439B900DFB005 /* Build configuration list for PBXNativeTarget "saml-ios-appTests" */;
			buildPhases = (
				4834A7B21B9439B900DFB005 /* Sources */,
				4834A7B31B9439B900DFB005 /* Frameworks */,
				4834A7B41B9439B900DFB005 /* Resources */,
			);
			buildRules = (
			);
			dependencies = (
				4834A7B81B9439B900DFB005 /* PBXTargetDependency */,
			);
			name = "saml-ios-appTests";
			productName = "saml-ios-appTests";
			productReference = 4834A7B61B9439B900DFB005 /* saml-ios-appTests.xctest */;
			productType = "com.apple.product-type.bundle.unit-test";
		};
/* End PBXNativeTarget section */

/* Begin PBXProject section */
		4834A7951B9439B900DFB005 /* Project object */ = {
			isa = PBXProject;
			attributes = {
				LastUpgradeCheck = 0720;
				ORGANIZATIONNAME = FeedHenry;
				TargetAttributes = {
					4834A79C1B9439B900DFB005 = {
						CreatedOnToolsVersion = 6.4;
					};
					4834A7B51B9439B900DFB005 = {
						CreatedOnToolsVersion = 6.4;
						TestTargetID = 4834A79C1B9439B900DFB005;
					};
				};
			};
			buildConfigurationList = 4834A7981B9439B900DFB005 /* Build configuration list for PBXProject "saml-ios-app" */;
			compatibilityVersion = "Xcode 3.2";
			developmentRegion = English;
			hasScannedForEncodings = 0;
			knownRegions = (
				en,
				Base,
			);
			mainGroup = 4834A7941B9439B900DFB005;
			productRefGroup = 4834A79E1B9439B900DFB005 /* Products */;
			projectDirPath = "";
			projectRoot = "";
			targets = (
				4834A79C1B9439B900DFB005 /* saml-ios-app */,
				4834A7B51B9439B900DFB005 /* saml-ios-appTests */,
			);
		};
/* End PBXProject section */

/* Begin PBXResourcesBuildPhase section */
		4834A79B1B9439B900DFB005 /* Resources */ = {
			isa = PBXResourcesBuildPhase;
			buildActionMask = 2147483647;
			files = (
				4834A7D21B94700600DFB005 /* fhconfig.plist in Resources */,
				4834A7AC1B9439B900DFB005 /* Main.storyboard in Resources */,
				4834A7B11B9439B900DFB005 /* LaunchScreen.xib in Resources */,
				4834A7AE1B9439B900DFB005 /* Images.xcassets in Resources */,
			);
			runOnlyForDeploymentPostprocessing = 0;
		};
		4834A7B41B9439B900DFB005 /* Resources */ = {
			isa = PBXResourcesBuildPhase;
			buildActionMask = 2147483647;
			files = (
			);
			runOnlyForDeploymentPostprocessing = 0;
		};
/* End PBXResourcesBuildPhase section */

/* Begin PBXShellScriptBuildPhase section */
		4ECC39C4F626106F590D605A /* Copy Pods Resources */ = {
			isa = PBXShellScriptBuildPhase;
			buildActionMask = 2147483647;
			files = (
			);
			inputPaths = (
			);
			name = "Copy Pods Resources";
			outputPaths = (
			);
			runOnlyForDeploymentPostprocessing = 0;
			shellPath = /bin/sh;
			shellScript = "\"${SRCROOT}/Pods/Target Support Files/Pods/Pods-resources.sh\"\n";
			showEnvVarsInLog = 0;
		};
		6A3FB5001EA6AE05209DC928 /* Check Pods Manifest.lock */ = {
			isa = PBXShellScriptBuildPhase;
			buildActionMask = 2147483647;
			files = (
			);
			inputPaths = (
			);
			name = "Check Pods Manifest.lock";
			outputPaths = (
			);
			runOnlyForDeploymentPostprocessing = 0;
			shellPath = /bin/sh;
			shellScript = "diff \"${PODS_ROOT}/../Podfile.lock\" \"${PODS_ROOT}/Manifest.lock\" > /dev/null\nif [[ $? != 0 ]] ; then\n    cat << EOM\nerror: The sandbox is not in sync with the Podfile.lock. Run 'pod install' or update your CocoaPods installation.\nEOM\n    exit 1\nfi\n";
			showEnvVarsInLog = 0;
		};
		D4A35F6A9EA38B7E572E4366 /* Embed Pods Frameworks */ = {
			isa = PBXShellScriptBuildPhase;
			buildActionMask = 2147483647;
			files = (
			);
			inputPaths = (
			);
			name = "Embed Pods Frameworks";
			outputPaths = (
			);
			runOnlyForDeploymentPostprocessing = 0;
			shellPath = /bin/sh;
			shellScript = "\"${SRCROOT}/Pods/Target Support Files/Pods/Pods-frameworks.sh\"\n";
			showEnvVarsInLog = 0;
		};
/* End PBXShellScriptBuildPhase section */

/* Begin PBXSourcesBuildPhase section */
		4834A7991B9439B900DFB005 /* Sources */ = {
			isa = PBXSourcesBuildPhase;
			buildActionMask = 2147483647;
			files = (
				4834A7CF1B9455CC00DFB005 /* FHSAMLViewController.m in Sources */,
				4834A7A91B9439B900DFB005 /* ViewController.m in Sources */,
				48A3E6BE1B97057F00BDA6C9 /* LoggedInViewController.m in Sources */,
				4834A7A61B9439B900DFB005 /* AppDelegate.m in Sources */,
				4834A7A31B9439B900DFB005 /* main.m in Sources */,
			);
			runOnlyForDeploymentPostprocessing = 0;
		};
		4834A7B21B9439B900DFB005 /* Sources */ = {
			isa = PBXSourcesBuildPhase;
			buildActionMask = 2147483647;
			files = (
				4834A7BD1B9439B900DFB005 /* saml_ios_appTests.m in Sources */,
			);
			runOnlyForDeploymentPostprocessing = 0;
		};
/* End PBXSourcesBuildPhase section */

/* Begin PBXTargetDependency section */
		4834A7B81B9439B900DFB005 /* PBXTargetDependency */ = {
			isa = PBXTargetDependency;
			target = 4834A79C1B9439B900DFB005 /* saml-ios-app */;
			targetProxy = 4834A7B71B9439B900DFB005 /* PBXContainerItemProxy */;
		};
/* End PBXTargetDependency section */

/* Begin PBXVariantGroup section */
		4834A7AA1B9439B900DFB005 /* Main.storyboard */ = {
			isa = PBXVariantGroup;
			children = (
				4834A7AB1B9439B900DFB005 /* Base */,
			);
			name = Main.storyboard;
			sourceTree = "<group>";
		};
		4834A7AF1B9439B900DFB005 /* LaunchScreen.xib */ = {
			isa = PBXVariantGroup;
			children = (
				4834A7B01B9439B900DFB005 /* Base */,
			);
			name = LaunchScreen.xib;
			sourceTree = "<group>";
		};
/* End PBXVariantGroup section */

/* Begin XCBuildConfiguration section */
		4834A7BE1B9439B900DFB005 /* Debug */ = {
			isa = XCBuildConfiguration;
			buildSettings = {
				ALWAYS_SEARCH_USER_PATHS = NO;
				CLANG_CXX_LANGUAGE_STANDARD = "gnu++0x";
				CLANG_CXX_LIBRARY = "libc++";
				CLANG_ENABLE_MODULES = YES;
				CLANG_ENABLE_OBJC_ARC = YES;
				CLANG_WARN_BOOL_CONVERSION = YES;
				CLANG_WARN_CONSTANT_CONVERSION = YES;
				CLANG_WARN_DIRECT_OBJC_ISA_USAGE = YES_ERROR;
				CLANG_WARN_EMPTY_BODY = YES;
				CLANG_WARN_ENUM_CONVERSION = YES;
				CLANG_WARN_INT_CONVERSION = YES;
				CLANG_WARN_OBJC_ROOT_CLASS = YES_ERROR;
				CLANG_WARN_UNREACHABLE_CODE = YES;
				CLANG_WARN__DUPLICATE_METHOD_MATCH = YES;
				"CODE_SIGN_IDENTITY[sdk=iphoneos*]" = "iPhone Developer";
				COPY_PHASE_STRIP = NO;
				DEBUG_INFORMATION_FORMAT = dwarf;
				ENABLE_STRICT_OBJC_MSGSEND = YES;
				ENABLE_TESTABILITY = YES;
				GCC_C_LANGUAGE_STANDARD = gnu99;
				GCC_DYNAMIC_NO_PIC = NO;
				GCC_NO_COMMON_BLOCKS = YES;
				GCC_OPTIMIZATION_LEVEL = 0;
				GCC_PREPROCESSOR_DEFINITIONS = (
					"DEBUG=1",
					"$(inherited)",
				);
				GCC_SYMBOLS_PRIVATE_EXTERN = NO;
				GCC_WARN_64_TO_32_BIT_CONVERSION = YES;
				GCC_WARN_ABOUT_RETURN_TYPE = YES_ERROR;
				GCC_WARN_UNDECLARED_SELECTOR = YES;
				GCC_WARN_UNINITIALIZED_AUTOS = YES_AGGRESSIVE;
				GCC_WARN_UNUSED_FUNCTION = YES;
				GCC_WARN_UNUSED_VARIABLE = YES;
				IPHONEOS_DEPLOYMENT_TARGET = 7.0;
				MTL_ENABLE_DEBUG_INFO = YES;
				ONLY_ACTIVE_ARCH = YES;
				SDKROOT = iphoneos;
				TARGETED_DEVICE_FAMILY = "1,2";
			};
			name = Debug;
		};
		4834A7BF1B9439B900DFB005 /* Release */ = {
			isa = XCBuildConfiguration;
			buildSettings = {
				ALWAYS_SEARCH_USER_PATHS = NO;
				CLANG_CXX_LANGUAGE_STANDARD = "gnu++0x";
				CLANG_CXX_LIBRARY = "libc++";
				CLANG_ENABLE_MODULES = YES;
				CLANG_ENABLE_OBJC_ARC = YES;
				CLANG_WARN_BOOL_CONVERSION = YES;
				CLANG_WARN_CONSTANT_CONVERSION = YES;
				CLANG_WARN_DIRECT_OBJC_ISA_USAGE = YES_ERROR;
				CLANG_WARN_EMPTY_BODY = YES;
				CLANG_WARN_ENUM_CONVERSION = YES;
				CLANG_WARN_INT_CONVERSION = YES;
				CLANG_WARN_OBJC_ROOT_CLASS = YES_ERROR;
				CLANG_WARN_UNREACHABLE_CODE = YES;
				CLANG_WARN__DUPLICATE_METHOD_MATCH = YES;
				"CODE_SIGN_IDENTITY[sdk=iphoneos*]" = "iPhone Developer";
				COPY_PHASE_STRIP = NO;
				DEBUG_INFORMATION_FORMAT = "dwarf-with-dsym";
				ENABLE_NS_ASSERTIONS = NO;
				ENABLE_STRICT_OBJC_MSGSEND = YES;
				GCC_C_LANGUAGE_STANDARD = gnu99;
				GCC_NO_COMMON_BLOCKS = YES;
				GCC_WARN_64_TO_32_BIT_CONVERSION = YES;
				GCC_WARN_ABOUT_RETURN_TYPE = YES_ERROR;
				GCC_WARN_UNDECLARED_SELECTOR = YES;
				GCC_WARN_UNINITIALIZED_AUTOS = YES_AGGRESSIVE;
				GCC_WARN_UNUSED_FUNCTION = YES;
				GCC_WARN_UNUSED_VARIABLE = YES;
				IPHONEOS_DEPLOYMENT_TARGET = 7.0;
				MTL_ENABLE_DEBUG_INFO = NO;
				ONLY_ACTIVE_ARCH = YES;
				SDKROOT = iphoneos;
				TARGETED_DEVICE_FAMILY = "1,2";
				VALIDATE_PRODUCT = YES;
			};
			name = Release;
		};
		4834A7C11B9439B900DFB005 /* Debug */ = {
			isa = XCBuildConfiguration;
			baseConfigurationReference = 0BCA4F51E406BDB7F194F43A /* Pods.debug.xcconfig */;
			buildSettings = {
				ASSETCATALOG_COMPILER_APPICON_NAME = AppIcon;
				FRAMEWORK_SEARCH_PATHS = "$(inherited)";
				HEADER_SEARCH_PATHS = "$(inherited)";
				INFOPLIST_FILE = "saml-ios-app/saml-ios-app-Info.plist";
				LD_MAP_FILE_PATH = "";
				LD_RUNPATH_SEARCH_PATHS = "$(inherited)";
				ONLY_ACTIVE_ARCH = YES;
				OTHER_LDFLAGS = "$(inherited)";
				"OTHER_LDFLAGS[arch=*]" = "$(inherited)";
				PRODUCT_BUNDLE_IDENTIFIER = "org.feedhenry.$(PRODUCT_NAME:rfc1034identifier)";
				PRODUCT_NAME = "$(TARGET_NAME)";
			};
			name = Debug;
		};
		4834A7C21B9439B900DFB005 /* Release */ = {
			isa = XCBuildConfiguration;
			baseConfigurationReference = 5CE437D4FC1404736A4C3313 /* Pods.release.xcconfig */;
			buildSettings = {
				ASSETCATALOG_COMPILER_APPICON_NAME = AppIcon;
				FRAMEWORK_SEARCH_PATHS = "$(inherited)";
				HEADER_SEARCH_PATHS = "$(inherited)";
				INFOPLIST_FILE = "saml-ios-app/saml-ios-app-Info.plist";
				LD_MAP_FILE_PATH = "";
				LD_RUNPATH_SEARCH_PATHS = "$(inherited)";
				ONLY_ACTIVE_ARCH = YES;
				OTHER_LDFLAGS = "$(inherited)";
				"OTHER_LDFLAGS[arch=*]" = "$(inherited)";
				PRODUCT_BUNDLE_IDENTIFIER = "org.feedhenry.$(PRODUCT_NAME:rfc1034identifier)";
				PRODUCT_NAME = "$(TARGET_NAME)";
			};
			name = Release;
		};
		4834A7C41B9439B900DFB005 /* Debug */ = {
			isa = XCBuildConfiguration;
			buildSettings = {
				BUNDLE_LOADER = "$(TEST_HOST)";
				FRAMEWORK_SEARCH_PATHS = (
					"$(SDKROOT)/Developer/Library/Frameworks",
					"$(inherited)",
				);
				GCC_PREPROCESSOR_DEFINITIONS = (
					"DEBUG=1",
					"$(inherited)",
				);
				INFOPLIST_FILE = "saml-ios-appTests/Info.plist";
				LD_RUNPATH_SEARCH_PATHS = "$(inherited) @executable_path/Frameworks @loader_path/Frameworks";
				PRODUCT_BUNDLE_IDENTIFIER = "org.feedhenry.$(PRODUCT_NAME:rfc1034identifier)";
				PRODUCT_NAME = "$(TARGET_NAME)";
				TEST_HOST = "$(BUILT_PRODUCTS_DIR)/saml-ios-app.app/saml-ios-app";
			};
			name = Debug;
		};
		4834A7C51B9439B900DFB005 /* Release */ = {
			isa = XCBuildConfiguration;
			buildSettings = {
				BUNDLE_LOADER = "$(TEST_HOST)";
				FRAMEWORK_SEARCH_PATHS = (
					"$(SDKROOT)/Developer/Library/Frameworks",
					"$(inherited)",
				);
				INFOPLIST_FILE = "saml-ios-appTests/Info.plist";
				LD_RUNPATH_SEARCH_PATHS = "$(inherited) @executable_path/Frameworks @loader_path/Frameworks";
				PRODUCT_BUNDLE_IDENTIFIER = "org.feedhenry.$(PRODUCT_NAME:rfc1034identifier)";
				PRODUCT_NAME = "$(TARGET_NAME)";
				TEST_HOST = "$(BUILT_PRODUCTS_DIR)/saml-ios-app.app/saml-ios-app";
			};
			name = Release;
		};
/* End XCBuildConfiguration section */

/* Begin XCConfigurationList section */
		4834A7981B9439B900DFB005 /* Build configuration list for PBXProject "saml-ios-app" */ = {
			isa = XCConfigurationList;
			buildConfigurations = (
				4834A7BE1B9439B900DFB005 /* Debug */,
				4834A7BF1B9439B900DFB005 /* Release */,
			);
			defaultConfigurationIsVisible = 0;
			defaultConfigurationName = Release;
		};
		4834A7C01B9439B900DFB005 /* Build configuration list for PBXNativeTarget "saml-ios-app" */ = {
			isa = XCConfigurationList;
			buildConfigurations = (
				4834A7C11B9439B900DFB005 /* Debug */,
				4834A7C21B9439B900DFB005 /* Release */,
			);
			defaultConfigurationIsVisible = 0;
			defaultConfigurationName = Release;
		};
		4834A7C31B9439B900DFB005 /* Build configuration list for PBXNativeTarget "saml-ios-appTests" */ = {
			isa = XCConfigurationList;
			buildConfigurations = (
				4834A7C41B9439B900DFB005 /* Debug */,
				4834A7C51B9439B900DFB005 /* Release */,
			);
			defaultConfigurationIsVisible = 0;
			defaultConfigurationName = Release;
		};
/* End XCConfigurationList section */
	};
	rootObject = 4834A7951B9439B900DFB005 /* Project object */;
}
